
Microsoft Visual Studio Solution File, Format Version 12.00
# Visual Studio Version 16
VisualStudioVersion = 16.0.31205.134
MinimumVisualStudioVersion = 10.0.40219.1
Project("{FAE04EC0-301F-11D3-BF4B-00C04F79EFBC}") = "SinemaUygulamasiG012", "SinemaUygulamasiG012\SinemaUygulamasiG012.csproj", "{8EFCE5C0-8F58-4A59-B099-4B956735AF44}"
EndProject
Global
	GlobalSection(SolutionConfigurationPlatforms) = preSolution
		Debug|Any CPU = Debug|Any CPU
		Release|Any CPU = Release|Any CPU
	EndGlobalSection
	GlobalSection(ProjectConfigurationPlatforms) = postSolution
		{8EFCE5C0-8F58-4A59-B099-4B956735AF44}.Debug|Any CPU.ActiveCfg = Debug|Any CPU
		{8EFCE5C0-8F58-4A59-B099-4B956735AF44}.Debug|Any CPU.Build.0 = Debug|Any CPU
		{8EFCE5C0-8F58-4A59-B099-4B956735AF44}.Release|Any CPU.ActiveCfg = Release|Any CPU
		{8EFCE5C0-8F58-4A59-B099-4B956735AF44}.Release|Any CPU.Build.0 = Release|Any CPU
	EndGlobalSection
	GlobalSection(SolutionProperties) = preSolution
		HideSolutionNode = FALSE
	EndGlobalSection
	GlobalSection(ExtensibilityGlobals) = postSolution
		SolutionGuid = {295D96E1-9A8E-428C-A7F0-0507BB0A73AB}
	EndGlobalSection
EndGlobal
